
Microsoft Visual Studio Solution File, Format Version 12.00
# Visual Studio Version 16
VisualStudioVersion = 16.0.29911.84
MinimumVisualStudioVersion = 10.0.40219.1
Project("{8BC9CEB8-8B4A-11D0-8D11-00A0C91BC942}") = "game project", "game project.vcxproj", "{BE8717BC-4420-4C8E-88C8-85A52773AA4A}"
EndProject
Global
	GlobalSection(SolutionConfigurationPlatforms) = preSolution
		Debug|x64 = Debug|x64
		Debug|x86 = Debug|x86
		Release|x64 = Release|x64
		Release|x86 = Release|x86
	EndGlobalSection
	GlobalSection(ProjectConfigurationPlatforms) = postSolution
		{BE8717BC-4420-4C8E-88C8-85A52773AA4A}.Debug|x64.ActiveCfg = Debug|x64
		{BE8717BC-4420-4C8E-88C8-85A52773AA4A}.Debug|x64.Build.0 = Debug|x64
		{BE8717BC-4420-4C8E-88C8-85A52773AA4A}.Debug|x86.ActiveCfg = Debug|Win32
		{BE8717BC-4420-4C8E-88C8-85A52773AA4A}.Debug|x86.Build.0 = Debug|Win32
		{BE8717BC-4420-4C8E-88C8-85A52773AA4A}.Release|x64.ActiveCfg = Release|x64
		{BE8717BC-4420-4C8E-88C8-85A52773AA4A}.Release|x64.Build.0 = Release|x64
		{BE8717BC-4420-4C8E-88C8-85A52773AA4A}.Release|x86.ActiveCfg = Release|Win32
		{BE8717BC-4420-4C8E-88C8-85A52773AA4A}.Release|x86.Build.0 = Release|Win32
	EndGlobalSection
	GlobalSection(SolutionProperties) = preSolution
		HideSolutionNode = FALSE
	EndGlobalSection
	GlobalSection(ExtensibilityGlobals) = postSolution
		SolutionGuid = {00F426DD-AD96-4571-8641-B8A3D9197119}
	EndGlobalSection
EndGlobal
